
Microsoft Visual Studio Solution File, Format Version 12.00
# Visual Studio Version 17
VisualStudioVersion = 17.11.35312.102
MinimumVisualStudioVersion = 10.0.40219.1
Project("{FAE04EC0-301F-11D3-BF4B-00C04F79EFBC}") = "100stesNeuesProjektWeilNixGeht", "100stesNeuesProjektWeilNixGeht.csproj", "{22476A1B-EC5B-46F1-BFCC-EFAB633654B3}"
EndProject
Global
	GlobalSection(SolutionConfigurationPlatforms) = preSolution
		Debug|Any CPU = Debug|Any CPU
		Release|Any CPU = Release|Any CPU
	EndGlobalSection
	GlobalSection(ProjectConfigurationPlatforms) = postSolution
		{22476A1B-EC5B-46F1-BFCC-EFAB633654B3}.Debug|Any CPU.ActiveCfg = Debug|Any CPU
		{22476A1B-EC5B-46F1-BFCC-EFAB633654B3}.Debug|Any CPU.Build.0 = Debug|Any CPU
		{22476A1B-EC5B-46F1-BFCC-EFAB633654B3}.Release|Any CPU.ActiveCfg = Release|Any CPU
		{22476A1B-EC5B-46F1-BFCC-EFAB633654B3}.Release|Any CPU.Build.0 = Release|Any CPU
	EndGlobalSection
	GlobalSection(SolutionProperties) = preSolution
		HideSolutionNode = FALSE
	EndGlobalSection
	GlobalSection(ExtensibilityGlobals) = postSolution
		SolutionGuid = {E1B62635-2642-4257-84D3-86BAEA73DB62}
	EndGlobalSection
EndGlobal
